
Microsoft Visual Studio Solution File, Format Version 12.00
# Visual Studio Version 17
VisualStudioVersion = 17.14.36616.10 d17.14
MinimumVisualStudioVersion = 10.0.40219.1
Project("{FAE04EC0-301F-11D3-BF4B-00C04F79EFBC}") = "ES33ORDINAMENTOvettoreInt", "ES33ORDINAMENTOvettoreInt\ES33ORDINAMENTOvettoreInt.csproj", "{EA2750BD-8E9E-4C6D-9153-E5D601DADFF4}"
EndProject
Global
	GlobalSection(SolutionConfigurationPlatforms) = preSolution
		Debug|Any CPU = Debug|Any CPU
		Release|Any CPU = Release|Any CPU
	EndGlobalSection
	GlobalSection(ProjectConfigurationPlatforms) = postSolution
		{EA2750BD-8E9E-4C6D-9153-E5D601DADFF4}.Debug|Any CPU.ActiveCfg = Debug|Any CPU
		{EA2750BD-8E9E-4C6D-9153-E5D601DADFF4}.Debug|Any CPU.Build.0 = Debug|Any CPU
		{EA2750BD-8E9E-4C6D-9153-E5D601DADFF4}.Release|Any CPU.ActiveCfg = Release|Any CPU
		{EA2750BD-8E9E-4C6D-9153-E5D601DADFF4}.Release|Any CPU.Build.0 = Release|Any CPU
	EndGlobalSection
	GlobalSection(SolutionProperties) = preSolution
		HideSolutionNode = FALSE
	EndGlobalSection
	GlobalSection(ExtensibilityGlobals) = postSolution
		SolutionGuid = {1BB305D3-4095-4ED1-97D9-D5B10889A9B7}
	EndGlobalSection
EndGlobal
